
Microsoft Visual Studio Solution File, Format Version 12.00
# Visual Studio Version 17
VisualStudioVersion = 17.0.32014.148
MinimumVisualStudioVersion = 10.0.40219.1
Project("{FAE04EC0-301F-11D3-BF4B-00C04F79EFBC}") = "Gravar teste", "Gravar teste.csproj", "{08F0130E-6746-46EF-B1BE-3F9918F2EE72}"
EndProject
Global
	GlobalSection(SolutionConfigurationPlatforms) = preSolution
		Debug|Any CPU = Debug|Any CPU
		Release|Any CPU = Release|Any CPU
	EndGlobalSection
	GlobalSection(ProjectConfigurationPlatforms) = postSolution
		{08F0130E-6746-46EF-B1BE-3F9918F2EE72}.Debug|Any CPU.ActiveCfg = Debug|Any CPU
		{08F0130E-6746-46EF-B1BE-3F9918F2EE72}.Debug|Any CPU.Build.0 = Debug|Any CPU
		{08F0130E-6746-46EF-B1BE-3F9918F2EE72}.Release|Any CPU.ActiveCfg = Release|Any CPU
		{08F0130E-6746-46EF-B1BE-3F9918F2EE72}.Release|Any CPU.Build.0 = Release|Any CPU
	EndGlobalSection
	GlobalSection(SolutionProperties) = preSolution
		HideSolutionNode = FALSE
	EndGlobalSection
	GlobalSection(ExtensibilityGlobals) = postSolution
		SolutionGuid = {511C6A24-3550-4E55-A876-474051380EC0}
	EndGlobalSection
EndGlobal
