
Microsoft Visual Studio Solution File, Format Version 12.00
# Visual Studio Version 17
VisualStudioVersion = 17.0.32014.148
MinimumVisualStudioVersion = 10.0.40219.1
Project("{FAE04EC0-301F-11D3-BF4B-00C04F79EFBC}") = "MegaSena", "MegaSena.csproj", "{4D7B07A5-890D-4536-8B9E-0C5D1F37614A}"
EndProject
Global
	GlobalSection(SolutionConfigurationPlatforms) = preSolution
		Debug|Any CPU = Debug|Any CPU
		Release|Any CPU = Release|Any CPU
	EndGlobalSection
	GlobalSection(ProjectConfigurationPlatforms) = postSolution
		{4D7B07A5-890D-4536-8B9E-0C5D1F37614A}.Debug|Any CPU.ActiveCfg = Debug|Any CPU
		{4D7B07A5-890D-4536-8B9E-0C5D1F37614A}.Debug|Any CPU.Build.0 = Debug|Any CPU
		{4D7B07A5-890D-4536-8B9E-0C5D1F37614A}.Release|Any CPU.ActiveCfg = Release|Any CPU
		{4D7B07A5-890D-4536-8B9E-0C5D1F37614A}.Release|Any CPU.Build.0 = Release|Any CPU
	EndGlobalSection
	GlobalSection(SolutionProperties) = preSolution
		HideSolutionNode = FALSE
	EndGlobalSection
	GlobalSection(ExtensibilityGlobals) = postSolution
		SolutionGuid = {A0751CAD-C7A4-4212-8514-02BFCF2AF5A8}
	EndGlobalSection
EndGlobal
